
Microsoft Visual Studio Solution File, Format Version 12.00
# Visual Studio Version 17
VisualStudioVersion = 17.5.002.0
MinimumVisualStudioVersion = 10.0.40219.1
Project("{9A19103F-16F7-4668-BE54-9A1E7A4F7556}") = "variales", "variales\variales.csproj", "{B541F19F-EA8D-4141-85DE-5E0DB25B0850}"
EndProject
Global
	GlobalSection(SolutionConfigurationPlatforms) = preSolution
		Debug|Any CPU = Debug|Any CPU
		Release|Any CPU = Release|Any CPU
	EndGlobalSection
	GlobalSection(ProjectConfigurationPlatforms) = postSolution
		{B541F19F-EA8D-4141-85DE-5E0DB25B0850}.Debug|Any CPU.ActiveCfg = Debug|Any CPU
		{B541F19F-EA8D-4141-85DE-5E0DB25B0850}.Debug|Any CPU.Build.0 = Debug|Any CPU
		{B541F19F-EA8D-4141-85DE-5E0DB25B0850}.Release|Any CPU.ActiveCfg = Release|Any CPU
		{B541F19F-EA8D-4141-85DE-5E0DB25B0850}.Release|Any CPU.Build.0 = Release|Any CPU
	EndGlobalSection
	GlobalSection(SolutionProperties) = preSolution
		HideSolutionNode = FALSE
	EndGlobalSection
	GlobalSection(ExtensibilityGlobals) = postSolution
		SolutionGuid = {AF8A7C35-5288-4B96-BF11-668870D8ADF4}
	EndGlobalSection
EndGlobal
