
Microsoft Visual Studio Solution File, Format Version 12.00
# Visual Studio Version 17
VisualStudioVersion = 17.5.002.0
MinimumVisualStudioVersion = 10.0.40219.1
Project("{9A19103F-16F7-4668-BE54-9A1E7A4F7556}") = "constructeur", "constructeur.csproj", "{61A99075-7EAB-4577-B47F-89B1054940B5}"
EndProject
Global
	GlobalSection(SolutionConfigurationPlatforms) = preSolution
		Debug|Any CPU = Debug|Any CPU
		Release|Any CPU = Release|Any CPU
	EndGlobalSection
	GlobalSection(ProjectConfigurationPlatforms) = postSolution
		{61A99075-7EAB-4577-B47F-89B1054940B5}.Debug|Any CPU.ActiveCfg = Debug|Any CPU
		{61A99075-7EAB-4577-B47F-89B1054940B5}.Debug|Any CPU.Build.0 = Debug|Any CPU
		{61A99075-7EAB-4577-B47F-89B1054940B5}.Release|Any CPU.ActiveCfg = Release|Any CPU
		{61A99075-7EAB-4577-B47F-89B1054940B5}.Release|Any CPU.Build.0 = Release|Any CPU
	EndGlobalSection
	GlobalSection(SolutionProperties) = preSolution
		HideSolutionNode = FALSE
	EndGlobalSection
	GlobalSection(ExtensibilityGlobals) = postSolution
		SolutionGuid = {FBC326E5-2697-447B-9DB9-BF027754803B}
	EndGlobalSection
EndGlobal
